// !$*UTF8*$!
{
	archiveVersion = 1;
	classes = {
	};
	objectVersion = 56;
	objects = {

/* Begin PBXBuildFile section */
		31CBE72F29D5F95900A8CC96 /* AppDelegate.swift in Sources */ = {isa = PBXBuildFile; fileRef = 31CBE72E29D5F95900A8CC96 /* AppDelegate.swift */; };
		31CBE73129D5F95900A8CC96 /* SceneDelegate.swift in Sources */ = {isa = PBXBuildFile; fileRef = 31CBE73029D5F95900A8CC96 /* SceneDelegate.swift */; };
		31CBE73329D5F95900A8CC96 /* ViewController.swift in Sources */ = {isa = PBXBuildFile; fileRef = 31CBE73229D5F95900A8CC96 /* ViewController.swift */; };
		31CBE73629D5F95900A8CC96 /* Main.storyboard in Resources */ = {isa = PBXBuildFile; fileRef = 31CBE73429D5F95900A8CC96 /* Main.storyboard */; };
		31CBE73829D5F95A00A8CC96 /* Assets.xcassets in Resources */ = {isa = PBXBuildFile; fileRef = 31CBE73729D5F95A00A8CC96 /* Assets.xcassets */; };
		31CBE73B29D5F95A00A8CC96 /* LaunchScreen.storyboard in Resources */ = {isa = PBXBuildFile; fileRef = 31CBE73929D5F95A00A8CC96 /* LaunchScreen.storyboard */; };
		841CB28F29D5FCCD00D9652D /* ButtonPanel.swift in Sources */ = {isa = PBXBuildFile; fileRef = 841CB28E29D5FCCD00D9652D /* ButtonPanel.swift */; };
		841CB29129D7606100D9652D /* ButtonUI.swift in Sources */ = {isa = PBXBuildFile; fileRef = 841CB29029D7606100D9652D /* ButtonUI.swift */; };
		841CB29D29D772DD00D9652D /* tmdbAPI.swift in Sources */ = {isa = PBXBuildFile; fileRef = 841CB29A29D772DD00D9652D /* tmdbAPI.swift */; };
		841CB29E29D772DD00D9652D /* API.swift in Sources */ = {isa = PBXBuildFile; fileRef = 841CB29C29D772DD00D9652D /* API.swift */; };
/* End PBXBuildFile section */

/* Begin PBXFileReference section */
		31CBE72B29D5F95900A8CC96 /* TrueMovieFanIOS.app */ = {isa = PBXFileReference; explicitFileType = wrapper.application; includeInIndex = 0; path = TrueMovieFanIOS.app; sourceTree = BUILT_PRODUCTS_DIR; };
		31CBE72E29D5F95900A8CC96 /* AppDelegate.swift */ = {isa = PBXFileReference; lastKnownFileType = sourcecode.swift; path = AppDelegate.swift; sourceTree = "<group>"; };
		31CBE73029D5F95900A8CC96 /* SceneDelegate.swift */ = {isa = PBXFileReference; lastKnownFileType = sourcecode.swift; path = SceneDelegate.swift; sourceTree = "<group>"; };
		31CBE73229D5F95900A8CC96 /* ViewController.swift */ = {isa = PBXFileReference; lastKnownFileType = sourcecode.swift; path = ViewController.swift; sourceTree = "<group>"; };
		31CBE73529D5F95900A8CC96 /* Base */ = {isa = PBXFileReference; lastKnownFileType = file.storyboard; name = Base; path = Base.lproj/Main.storyboard; sourceTree = "<group>"; };
		31CBE73729D5F95A00A8CC96 /* Assets.xcassets */ = {isa = PBXFileReference; lastKnownFileType = folder.assetcatalog; path = Assets.xcassets; sourceTree = "<group>"; };
		31CBE73A29D5F95A00A8CC96 /* Base */ = {isa = PBXFileReference; lastKnownFileType = file.storyboard; name = Base; path = Base.lproj/LaunchScreen.storyboard; sourceTree = "<group>"; };
		31CBE73C29D5F95A00A8CC96 /* Info.plist */ = {isa = PBXFileReference; lastKnownFileType = text.plist.xml; path = Info.plist; sourceTree = "<group>"; };
		841CB28E29D5FCCD00D9652D /* ButtonPanel.swift */ = {isa = PBXFileReference; lastKnownFileType = sourcecode.swift; path = ButtonPanel.swift; sourceTree = "<group>"; };
		841CB29029D7606100D9652D /* ButtonUI.swift */ = {isa = PBXFileReference; lastKnownFileType = sourcecode.swift; path = ButtonUI.swift; sourceTree = "<group>"; };
		841CB29A29D772DD00D9652D /* tmdbAPI.swift */ = {isa = PBXFileReference; fileEncoding = 4; lastKnownFileType = sourcecode.swift; path = tmdbAPI.swift; sourceTree = "<group>"; };
		841CB29C29D772DD00D9652D /* API.swift */ = {isa = PBXFileReference; fileEncoding = 4; lastKnownFileType = sourcecode.swift; path = API.swift; sourceTree = "<group>"; };
/* End PBXFileReference section */

/* Begin PBXFrameworksBuildPhase section */
		31CBE72829D5F95900A8CC96 /* Frameworks */ = {
			isa = PBXFrameworksBuildPhase;
			buildActionMask = 2147483647;
			files = (
			);
			runOnlyForDeploymentPostprocessing = 0;
		};
/* End PBXFrameworksBuildPhase section */

/* Begin PBXGroup section */
		31CBE72229D5F95900A8CC96 = {
			isa = PBXGroup;
			children = (
				31CBE72D29D5F95900A8CC96 /* TrueMovieFanIOS */,
				31CBE72C29D5F95900A8CC96 /* Products */,
			);
			sourceTree = "<group>";
		};
		31CBE72C29D5F95900A8CC96 /* Products */ = {
			isa = PBXGroup;
			children = (
				31CBE72B29D5F95900A8CC96 /* TrueMovieFanIOS.app */,
			);
			name = Products;
			sourceTree = "<group>";
		};
		31CBE72D29D5F95900A8CC96 /* TrueMovieFanIOS */ = {
			isa = PBXGroup;
			children = (
				841CB29829D772DD00D9652D /* Service */,
				841CB28D29D5FC9600D9652D /* CustomizedUI */,
				31CBE72E29D5F95900A8CC96 /* AppDelegate.swift */,
				31CBE73029D5F95900A8CC96 /* SceneDelegate.swift */,
				31CBE73229D5F95900A8CC96 /* ViewController.swift */,
				31CBE73429D5F95900A8CC96 /* Main.storyboard */,
				31CBE73729D5F95A00A8CC96 /* Assets.xcassets */,
				31CBE73929D5F95A00A8CC96 /* LaunchScreen.storyboard */,
				31CBE73C29D5F95A00A8CC96 /* Info.plist */,
			);
			path = TrueMovieFanIOS;
			sourceTree = "<group>";
		};
		841CB28D29D5FC9600D9652D /* CustomizedUI */ = {
			isa = PBXGroup;
			children = (
				841CB28E29D5FCCD00D9652D /* ButtonPanel.swift */,
				841CB29029D7606100D9652D /* ButtonUI.swift */,
			);
			path = CustomizedUI;
			sourceTree = "<group>";
		};
		841CB29829D772DD00D9652D /* Service */ = {
			isa = PBXGroup;
			children = (
				841CB29929D772DD00D9652D /* tmdbAPI */,
				841CB29B29D772DD00D9652D /* API */,
			);
			path = Service;
			sourceTree = "<group>";
		};
		841CB29929D772DD00D9652D /* tmdbAPI */ = {
			isa = PBXGroup;
			children = (
				841CB29A29D772DD00D9652D /* tmdbAPI.swift */,
			);
			path = tmdbAPI;
			sourceTree = "<group>";
		};
		841CB29B29D772DD00D9652D /* API */ = {
			isa = PBXGroup;
			children = (
				841CB29C29D772DD00D9652D /* API.swift */,
			);
			path = API;
			sourceTree = "<group>";
		};
/* End PBXGroup section */

/* Begin PBXNativeTarget section */
		31CBE72A29D5F95900A8CC96 /* TrueMovieFanIOS */ = {
			isa = PBXNativeTarget;
			buildConfigurationList = 31CBE73F29D5F95A00A8CC96 /* Build configuration list for PBXNativeTarget "TrueMovieFanIOS" */;
			buildPhases = (
				31CBE72729D5F95900A8CC96 /* Sources */,
				31CBE72829D5F95900A8CC96 /* Frameworks */,
				31CBE72929D5F95900A8CC96 /* Resources */,
			);
			buildRules = (
			);
			dependencies = (
			);
			name = TrueMovieFanIOS;
			productName = TrueMovieFanIOS;
			productReference = 31CBE72B29D5F95900A8CC96 /* TrueMovieFanIOS.app */;
			productType = "com.apple.product-type.application";
		};
/* End PBXNativeTarget section */

/* Begin PBXProject section */
		31CBE72329D5F95900A8CC96 /* Project object */ = {
			isa = PBXProject;
			attributes = {
				BuildIndependentTargetsInParallel = 1;
				LastSwiftUpdateCheck = 1410;
				LastUpgradeCheck = 1410;
				TargetAttributes = {
					31CBE72A29D5F95900A8CC96 = {
						CreatedOnToolsVersion = 14.1;
					};
				};
			};
			buildConfigurationList = 31CBE72629D5F95900A8CC96 /* Build configuration list for PBXProject "TrueMovieFanIOS" */;
			compatibilityVersion = "Xcode 14.0";
			developmentRegion = en;
			hasScannedForEncodings = 0;
			knownRegions = (
				en,
				Base,
			);
			mainGroup = 31CBE72229D5F95900A8CC96;
			productRefGroup = 31CBE72C29D5F95900A8CC96 /* Products */;
			projectDirPath = "";
			projectRoot = "";
			targets = (
				31CBE72A29D5F95900A8CC96 /* TrueMovieFanIOS */,
			);
		};
/* End PBXProject section */

/* Begin PBXResourcesBuildPhase section */
		31CBE72929D5F95900A8CC96 /* Resources */ = {
			isa = PBXResourcesBuildPhase;
			buildActionMask = 2147483647;
			files = (
				31CBE73B29D5F95A00A8CC96 /* LaunchScreen.storyboard in Resources */,
				31CBE73829D5F95A00A8CC96 /* Assets.xcassets in Resources */,
				31CBE73629D5F95900A8CC96 /* Main.storyboard in Resources */,
			);
			runOnlyForDeploymentPostprocessing = 0;
		};
/* End PBXResourcesBuildPhase section */

/* Begin PBXSourcesBuildPhase section */
		31CBE72729D5F95900A8CC96 /* Sources */ = {
			isa = PBXSourcesBuildPhase;
			buildActionMask = 2147483647;
			files = (
				841CB28F29D5FCCD00D9652D /* ButtonPanel.swift in Sources */,
				31CBE73329D5F95900A8CC96 /* ViewController.swift in Sources */,
				31CBE72F29D5F95900A8CC96 /* AppDelegate.swift in Sources */,
				841CB29D29D772DD00D9652D /* tmdbAPI.swift in Sources */,
				31CBE73129D5F95900A8CC96 /* SceneDelegate.swift in Sources */,
				841CB29129D7606100D9652D /* ButtonUI.swift in Sources */,
				841CB29E29D772DD00D9652D /* API.swift in Sources */,
			);
			runOnlyForDeploymentPostprocessing = 0;
		};
/* End PBXSourcesBuildPhase section */

/* Begin PBXVariantGroup section */
		31CBE73429D5F95900A8CC96 /* Main.storyboard */ = {
			isa = PBXVariantGroup;
			children = (
				31CBE73529D5F95900A8CC96 /* Base */,
			);
			name = Main.storyboard;
			sourceTree = "<group>";
		};
		31CBE73929D5F95A00A8CC96 /* LaunchScreen.storyboard */ = {
			isa = PBXVariantGroup;
			children = (
				31CBE73A29D5F95A00A8CC96 /* Base */,
			);
			name = LaunchScreen.storyboard;
			sourceTree = "<group>";
		};
/* End PBXVariantGroup section */

/* Begin XCBuildConfiguration section */
		31CBE73D29D5F95A00A8CC96 /* Debug */ = {
			isa = XCBuildConfiguration;
			buildSettings = {
				ALWAYS_SEARCH_USER_PATHS = NO;
				CLANG_ANALYZER_NONNULL = YES;
				CLANG_ANALYZER_NUMBER_OBJECT_CONVERSION = YES_AGGRESSIVE;
				CLANG_CXX_LANGUAGE_STANDARD = "gnu++20";
				CLANG_ENABLE_MODULES = YES;
				CLANG_ENABLE_OBJC_ARC = YES;
				CLANG_ENABLE_OBJC_WEAK = YES;
				CLANG_WARN_BLOCK_CAPTURE_AUTORELEASING = YES;
				CLANG_WARN_BOOL_CONVERSION = YES;
				CLANG_WARN_COMMA = YES;
				CLANG_WARN_CONSTANT_CONVERSION = YES;
				CLANG_WARN_DEPRECATED_OBJC_IMPLEMENTATIONS = YES;
				CLANG_WARN_DIRECT_OBJC_ISA_USAGE = YES_ERROR;
				CLANG_WARN_DOCUMENTATION_COMMENTS = YES;
				CLANG_WARN_EMPTY_BODY = YES;
				CLANG_WARN_ENUM_CONVERSION = YES;
				CLANG_WARN_INFINITE_RECURSION = YES;
				CLANG_WARN_INT_CONVERSION = YES;
				CLANG_WARN_NON_LITERAL_NULL_CONVERSION = YES;
				CLANG_WARN_OBJC_IMPLICIT_RETAIN_SELF = YES;
				CLANG_WARN_OBJC_LITERAL_CONVERSION = YES;
				CLANG_WARN_OBJC_ROOT_CLASS = YES_ERROR;
				CLANG_WARN_QUOTED_INCLUDE_IN_FRAMEWORK_HEADER = YES;
				CLANG_WARN_RANGE_LOOP_ANALYSIS = YES;
				CLANG_WARN_STRICT_PROTOTYPES = YES;
				CLANG_WARN_SUSPICIOUS_MOVE = YES;
				CLANG_WARN_UNGUARDED_AVAILABILITY = YES_AGGRESSIVE;
				CLANG_WARN_UNREACHABLE_CODE = YES;
				CLANG_WARN__DUPLICATE_METHOD_MATCH = YES;
				COPY_PHASE_STRIP = NO;
				DEBUG_INFORMATION_FORMAT = dwarf;
				ENABLE_STRICT_OBJC_MSGSEND = YES;
				ENABLE_TESTABILITY = YES;
				GCC_C_LANGUAGE_STANDARD = gnu11;
				GCC_DYNAMIC_NO_PIC = NO;
				GCC_NO_COMMON_BLOCKS = YES;
				GCC_OPTIMIZATION_LEVEL = 0;
				GCC_PREPROCESSOR_DEFINITIONS = (
					"DEBUG=1",
					"$(inherited)",
				);
				GCC_WARN_64_TO_32_BIT_CONVERSION = YES;
				GCC_WARN_ABOUT_RETURN_TYPE = YES_ERROR;
				GCC_WARN_UNDECLARED_SELECTOR = YES;
				GCC_WARN_UNINITIALIZED_AUTOS = YES_AGGRESSIVE;
				GCC_WARN_UNUSED_FUNCTION = YES;
				GCC_WARN_UNUSED_VARIABLE = YES;
				IPHONEOS_DEPLOYMENT_TARGET = 16.1;
				MTL_ENABLE_DEBUG_INFO = INCLUDE_SOURCE;
				MTL_FAST_MATH = YES;
				ONLY_ACTIVE_ARCH = YES;
				SDKROOT = iphoneos;
				SWIFT_ACTIVE_COMPILATION_CONDITIONS = DEBUG;
				SWIFT_OPTIMIZATION_LEVEL = "-Onone";
			};
			name = Debug;
		};
		31CBE73E29D5F95A00A8CC96 /* Release */ = {
			isa = XCBuildConfiguration;
			buildSettings = {
				ALWAYS_SEARCH_USER_PATHS = NO;
				CLANG_ANALYZER_NONNULL = YES;
				CLANG_ANALYZER_NUMBER_OBJECT_CONVERSION = YES_AGGRESSIVE;
				CLANG_CXX_LANGUAGE_STANDARD = "gnu++20";
				CLANG_ENABLE_MODULES = YES;
				CLANG_ENABLE_OBJC_ARC = YES;
				CLANG_ENABLE_OBJC_WEAK = YES;
				CLANG_WARN_BLOCK_CAPTURE_AUTORELEASING = YES;
				CLANG_WARN_BOOL_CONVERSION = YES;
				CLANG_WARN_COMMA = YES;
				CLANG_WARN_CONSTANT_CONVERSION = YES;
				CLANG_WARN_DEPRECATED_OBJC_IMPLEMENTATIONS = YES;
				CLANG_WARN_DIRECT_OBJC_ISA_USAGE = YES_ERROR;
				CLANG_WARN_DOCUMENTATION_COMMENTS = YES;
				CLANG_WARN_EMPTY_BODY = YES;
				CLANG_WARN_ENUM_CONVERSION = YES;
				CLANG_WARN_INFINITE_RECURSION = YES;
				CLANG_WARN_INT_CONVERSION = YES;
				CLANG_WARN_NON_LITERAL_NULL_CONVERSION = YES;
				CLANG_WARN_OBJC_IMPLICIT_RETAIN_SELF = YES;
				CLANG_WARN_OBJC_LITERAL_CONVERSION = YES;
				CLANG_WARN_OBJC_ROOT_CLASS = YES_ERROR;
				CLANG_WARN_QUOTED_INCLUDE_IN_FRAMEWORK_HEADER = YES;
				CLANG_WARN_RANGE_LOOP_ANALYSIS = YES;
				CLANG_WARN_STRICT_PROTOTYPES = YES;
				CLANG_WARN_SUSPICIOUS_MOVE = YES;
				CLANG_WARN_UNGUARDED_AVAILABILITY = YES_AGGRESSIVE;
				CLANG_WARN_UNREACHABLE_CODE = YES;
				CLANG_WARN__DUPLICATE_METHOD_MATCH = YES;
				COPY_PHASE_STRIP = NO;
				DEBUG_INFORMATION_FORMAT = "dwarf-with-dsym";
				ENABLE_NS_ASSERTIONS = NO;
				ENABLE_STRICT_OBJC_MSGSEND = YES;
				GCC_C_LANGUAGE_STANDARD = gnu11;
				GCC_NO_COMMON_BLOCKS = YES;
				GCC_WARN_64_TO_32_BIT_CONVERSION = YES;
				GCC_WARN_ABOUT_RETURN_TYPE = YES_ERROR;
				GCC_WARN_UNDECLARED_SELECTOR = YES;
				GCC_WARN_UNINITIALIZED_AUTOS = YES_AGGRESSIVE;
				GCC_WARN_UNUSED_FUNCTION = YES;
				GCC_WARN_UNUSED_VARIABLE = YES;
				IPHONEOS_DEPLOYMENT_TARGET = 16.1;
				MTL_ENABLE_DEBUG_INFO = NO;
				MTL_FAST_MATH = YES;
				SDKROOT = iphoneos;
				SWIFT_COMPILATION_MODE = wholemodule;
				SWIFT_OPTIMIZATION_LEVEL = "-O";
				VALIDATE_PRODUCT = YES;
			};
			name = Release;
		};
		31CBE74029D5F95A00A8CC96 /* Debug */ = {
			isa = XCBuildConfiguration;
			buildSettings = {
				ASSETCATALOG_COMPILER_APPICON_NAME = AppIcon;
				ASSETCATALOG_COMPILER_GLOBAL_ACCENT_COLOR_NAME = AccentColor;
				CODE_SIGN_STYLE = Automatic;
				CURRENT_PROJECT_VERSION = 1;
				GENERATE_INFOPLIST_FILE = YES;
				INFOPLIST_FILE = TrueMovieFanIOS/Info.plist;
				INFOPLIST_KEY_UIApplicationSupportsIndirectInputEvents = YES;
				INFOPLIST_KEY_UILaunchStoryboardName = LaunchScreen;
				INFOPLIST_KEY_UIMainStoryboardFile = Main;
				INFOPLIST_KEY_UISupportedInterfaceOrientations_iPad = "UIInterfaceOrientationPortrait UIInterfaceOrientationPortraitUpsideDown UIInterfaceOrientationLandscapeLeft UIInterfaceOrientationLandscapeRight";
				INFOPLIST_KEY_UISupportedInterfaceOrientations_iPhone = "UIInterfaceOrientationPortrait UIInterfaceOrientationLandscapeLeft UIInterfaceOrientationLandscapeRight";
				LD_RUNPATH_SEARCH_PATHS = (
					"$(inherited)",
					"@executable_path/Frameworks",
				);
				MARKETING_VERSION = 1.0;
				PRODUCT_BUNDLE_IDENTIFIER = fabricio.segovia.TrueMovieFanIOS;
				PRODUCT_NAME = "$(TARGET_NAME)";
				SWIFT_EMIT_LOC_STRINGS = YES;
				SWIFT_VERSION = 5.0;
				TARGETED_DEVICE_FAMILY = "1,2";
			};
			name = Debug;
		};
		31CBE74129D5F95A00A8CC96 /* Release */ = {
			isa = XCBuildConfiguration;
			buildSettings = {
				ASSETCATALOG_COMPILER_APPICON_NAME = AppIcon;
				ASSETCATALOG_COMPILER_GLOBAL_ACCENT_COLOR_NAME = AccentColor;
				CODE_SIGN_STYLE = Automatic;
				CURRENT_PROJECT_VERSION = 1;
				GENERATE_INFOPLIST_FILE = YES;
				INFOPLIST_FILE = TrueMovieFanIOS/Info.plist;
				INFOPLIST_KEY_UIApplicationSupportsIndirectInputEvents = YES;
				INFOPLIST_KEY_UILaunchStoryboardName = LaunchScreen;
				INFOPLIST_KEY_UIMainStoryboardFile = Main;
				INFOPLIST_KEY_UISupportedInterfaceOrientations_iPad = "UIInterfaceOrientationPortrait UIInterfaceOrientationPortraitUpsideDown UIInterfaceOrientationLandscapeLeft UIInterfaceOrientationLandscapeRight";
				INFOPLIST_KEY_UISupportedInterfaceOrientations_iPhone = "UIInterfaceOrientationPortrait UIInterfaceOrientationLandscapeLeft UIInterfaceOrientationLandscapeRight";
				LD_RUNPATH_SEARCH_PATHS = (
					"$(inherited)",
					"@executable_path/Frameworks",
				);
				MARKETING_VERSION = 1.0;
				PRODUCT_BUNDLE_IDENTIFIER = fabricio.segovia.TrueMovieFanIOS;
				PRODUCT_NAME = "$(TARGET_NAME)";
				SWIFT_EMIT_LOC_STRINGS = YES;
				SWIFT_VERSION = 5.0;
				TARGETED_DEVICE_FAMILY = "1,2";
			};
			name = Release;
		};
/* End XCBuildConfiguration section */

/* Begin XCConfigurationList section */
		31CBE72629D5F95900A8CC96 /* Build configuration list for PBXProject "TrueMovieFanIOS" */ = {
			isa = XCConfigurationList;
			buildConfigurations = (
				31CBE73D29D5F95A00A8CC96 /* Debug */,
				31CBE73E29D5F95A00A8CC96 /* Release */,
			);
			defaultConfigurationIsVisible = 0;
			defaultConfigurationName = Release;
		};
		31CBE73F29D5F95A00A8CC96 /* Build configuration list for PBXNativeTarget "TrueMovieFanIOS" */ = {
			isa = XCConfigurationList;
			buildConfigurations = (
				31CBE74029D5F95A00A8CC96 /* Debug */,
				31CBE74129D5F95A00A8CC96 /* Release */,
			);
			defaultConfigurationIsVisible = 0;
			defaultConfigurationName = Release;
		};
/* End XCConfigurationList section */
	};
	rootObject = 31CBE72329D5F95900A8CC96 /* Project object */;
}
